// !$*UTF8*$!
{
	archiveVersion = 1;
	classes = {
	};
	objectVersion = 48;
	objects = {

/* Begin PBXBuildFile section */
		54915215203F335F009C7138 /* AppDelegate.swift in Sources */ = {isa = PBXBuildFile; fileRef = 54915214203F335F009C7138 /* AppDelegate.swift */; };
		5491521F203F335F009C7138 /* LaunchScreen.storyboard in Resources */ = {isa = PBXBuildFile; fileRef = 5491521D203F335F009C7138 /* LaunchScreen.storyboard */; };
		54915227203F339A009C7138 /* Assets.xcassets in Resources */ = {isa = PBXBuildFile; fileRef = 54915226203F339A009C7138 /* Assets.xcassets */; };
		74447F9120447CCD00E26368 /* AppUser.swift in Sources */ = {isa = PBXBuildFile; fileRef = 74447F9020447CCD00E26368 /* AppUser.swift */; };
		74447F9320447CD800E26368 /* Post.swift in Sources */ = {isa = PBXBuildFile; fileRef = 74447F9220447CD800E26368 /* Post.swift */; };
		74447F9520447CE800E26368 /* Comment.swift in Sources */ = {isa = PBXBuildFile; fileRef = 74447F9420447CE800E26368 /* Comment.swift */; };
		74447F972044835A00E26368 /* StorageService.swift in Sources */ = {isa = PBXBuildFile; fileRef = 74447F962044835A00E26368 /* StorageService.swift */; };
		74447F992044896100E26368 /* StorageService+Images.swift in Sources */ = {isa = PBXBuildFile; fileRef = 74447F982044896100E26368 /* StorageService+Images.swift */; };
		74447F9B2044948E00E26368 /* FeedTableViewController.swift in Sources */ = {isa = PBXBuildFile; fileRef = 74447F9A2044948E00E26368 /* FeedTableViewController.swift */; };
		7447A5092044A22500E0C585 /* Default-568h@2x.png in Resources */ = {isa = PBXBuildFile; fileRef = 7447A5082044A22500E0C585 /* Default-568h@2x.png */; };
		7447A50B2044A5F800E0C585 /* UploadViewController.swift in Sources */ = {isa = PBXBuildFile; fileRef = 7447A50A2044A5F800E0C585 /* UploadViewController.swift */; };
		7447A50D2044A60B00E0C585 /* UploadView.swift in Sources */ = {isa = PBXBuildFile; fileRef = 7447A50C2044A60B00E0C585 /* UploadView.swift */; };
		747B16B020445D9500C48B2E /* LoginView.swift in Sources */ = {isa = PBXBuildFile; fileRef = 747B16AF20445D9500C48B2E /* LoginView.swift */; };
		747B16B22044611D00C48B2E /* LoginViewController.swift in Sources */ = {isa = PBXBuildFile; fileRef = 747B16B12044611D00C48B2E /* LoginViewController.swift */; };
		747B16B8204468BE00C48B2E /* FeedTableViewCell.swift in Sources */ = {isa = PBXBuildFile; fileRef = 747B16B7204468BE00C48B2E /* FeedTableViewCell.swift */; };
		749392D5204475EB00D5322B /* DBService+Users.swift in Sources */ = {isa = PBXBuildFile; fileRef = 749392D4204475EB00D5322B /* DBService+Users.swift */; };
		749392D72044760800D5322B /* DBService+Posts.swift in Sources */ = {isa = PBXBuildFile; fileRef = 749392D62044760800D5322B /* DBService+Posts.swift */; };
		749392D92044761300D5322B /* DCService+Comments.swift in Sources */ = {isa = PBXBuildFile; fileRef = 749392D82044761300D5322B /* DCService+Comments.swift */; };
		74A4F950204473EA00341155 /* FirebaseAuthService.swift in Sources */ = {isa = PBXBuildFile; fileRef = 74A4F94F204473EA00341155 /* FirebaseAuthService.swift */; };
		74A4F9522044745E00341155 /* DBService.swift in Sources */ = {isa = PBXBuildFile; fileRef = 74A4F9512044745E00341155 /* DBService.swift */; };
		74F087DD2044700A00758F1E /* GoogleService-Info.plist in Resources */ = {isa = PBXBuildFile; fileRef = 74F087DC2044700A00758F1E /* GoogleService-Info.plist */; };
		B3D140335EB5383EE2A441D4 /* Pods_AC_iOS_Final.framework in Frameworks */ = {isa = PBXBuildFile; fileRef = 59D491659A3A9768185B0146 /* Pods_AC_iOS_Final.framework */; };
/* End PBXBuildFile section */

/* Begin PBXFileReference section */
		54915211203F335F009C7138 /* AC-iOS-Final.app */ = {isa = PBXFileReference; explicitFileType = wrapper.application; includeInIndex = 0; path = "AC-iOS-Final.app"; sourceTree = BUILT_PRODUCTS_DIR; };
		54915214203F335F009C7138 /* AppDelegate.swift */ = {isa = PBXFileReference; lastKnownFileType = sourcecode.swift; path = AppDelegate.swift; sourceTree = "<group>"; };
		5491521E203F335F009C7138 /* Base */ = {isa = PBXFileReference; lastKnownFileType = file.storyboard; name = Base; path = Base.lproj/LaunchScreen.storyboard; sourceTree = "<group>"; };
		54915220203F335F009C7138 /* Info.plist */ = {isa = PBXFileReference; lastKnownFileType = text.plist.xml; path = Info.plist; sourceTree = "<group>"; };
		54915226203F339A009C7138 /* Assets.xcassets */ = {isa = PBXFileReference; lastKnownFileType = folder.assetcatalog; path = Assets.xcassets; sourceTree = "<group>"; };
		59D491659A3A9768185B0146 /* Pods_AC_iOS_Final.framework */ = {isa = PBXFileReference; explicitFileType = wrapper.framework; includeInIndex = 0; path = Pods_AC_iOS_Final.framework; sourceTree = BUILT_PRODUCTS_DIR; };
		74447F9020447CCD00E26368 /* AppUser.swift */ = {isa = PBXFileReference; lastKnownFileType = sourcecode.swift; path = AppUser.swift; sourceTree = "<group>"; };
		74447F9220447CD800E26368 /* Post.swift */ = {isa = PBXFileReference; lastKnownFileType = sourcecode.swift; path = Post.swift; sourceTree = "<group>"; };
		74447F9420447CE800E26368 /* Comment.swift */ = {isa = PBXFileReference; lastKnownFileType = sourcecode.swift; path = Comment.swift; sourceTree = "<group>"; };
		74447F962044835A00E26368 /* StorageService.swift */ = {isa = PBXFileReference; lastKnownFileType = sourcecode.swift; path = StorageService.swift; sourceTree = "<group>"; };
		74447F982044896100E26368 /* StorageService+Images.swift */ = {isa = PBXFileReference; lastKnownFileType = sourcecode.swift; path = "StorageService+Images.swift"; sourceTree = "<group>"; };
		74447F9A2044948E00E26368 /* FeedTableViewController.swift */ = {isa = PBXFileReference; lastKnownFileType = sourcecode.swift; path = FeedTableViewController.swift; sourceTree = "<group>"; };
		7447A5082044A22500E0C585 /* Default-568h@2x.png */ = {isa = PBXFileReference; lastKnownFileType = image.png; path = "Default-568h@2x.png"; sourceTree = "<group>"; };
		7447A50A2044A5F800E0C585 /* UploadViewController.swift */ = {isa = PBXFileReference; lastKnownFileType = sourcecode.swift; path = UploadViewController.swift; sourceTree = "<group>"; };
		7447A50C2044A60B00E0C585 /* UploadView.swift */ = {isa = PBXFileReference; lastKnownFileType = sourcecode.swift; path = UploadView.swift; sourceTree = "<group>"; };
		747B16AF20445D9500C48B2E /* LoginView.swift */ = {isa = PBXFileReference; lastKnownFileType = sourcecode.swift; path = LoginView.swift; sourceTree = "<group>"; };
		747B16B12044611D00C48B2E /* LoginViewController.swift */ = {isa = PBXFileReference; lastKnownFileType = sourcecode.swift; path = LoginViewController.swift; sourceTree = "<group>"; };
		747B16B7204468BE00C48B2E /* FeedTableViewCell.swift */ = {isa = PBXFileReference; lastKnownFileType = sourcecode.swift; path = FeedTableViewCell.swift; sourceTree = "<group>"; };
		749392D4204475EB00D5322B /* DBService+Users.swift */ = {isa = PBXFileReference; lastKnownFileType = sourcecode.swift; path = "DBService+Users.swift"; sourceTree = "<group>"; };
		749392D62044760800D5322B /* DBService+Posts.swift */ = {isa = PBXFileReference; lastKnownFileType = sourcecode.swift; path = "DBService+Posts.swift"; sourceTree = "<group>"; };
		749392D82044761300D5322B /* DCService+Comments.swift */ = {isa = PBXFileReference; lastKnownFileType = sourcecode.swift; path = "DCService+Comments.swift"; sourceTree = "<group>"; };
		74A4F94F204473EA00341155 /* FirebaseAuthService.swift */ = {isa = PBXFileReference; lastKnownFileType = sourcecode.swift; path = FirebaseAuthService.swift; sourceTree = "<group>"; };
		74A4F9512044745E00341155 /* DBService.swift */ = {isa = PBXFileReference; lastKnownFileType = sourcecode.swift; path = DBService.swift; sourceTree = "<group>"; };
		74F087DC2044700A00758F1E /* GoogleService-Info.plist */ = {isa = PBXFileReference; fileEncoding = 4; lastKnownFileType = text.plist.xml; name = "GoogleService-Info.plist"; path = "../../../Downloads/GoogleService-Info.plist"; sourceTree = "<group>"; };
		BA734DC06B6F6EDBB9CAB5C9 /* Pods-AC-iOS-Final.debug.xcconfig */ = {isa = PBXFileReference; includeInIndex = 1; lastKnownFileType = text.xcconfig; name = "Pods-AC-iOS-Final.debug.xcconfig"; path = "Pods/Target Support Files/Pods-AC-iOS-Final/Pods-AC-iOS-Final.debug.xcconfig"; sourceTree = "<group>"; };
		DFF634AF938ECAF20063C391 /* Pods-AC-iOS-Final.release.xcconfig */ = {isa = PBXFileReference; includeInIndex = 1; lastKnownFileType = text.xcconfig; name = "Pods-AC-iOS-Final.release.xcconfig"; path = "Pods/Target Support Files/Pods-AC-iOS-Final/Pods-AC-iOS-Final.release.xcconfig"; sourceTree = "<group>"; };
/* End PBXFileReference section */

/* Begin PBXFrameworksBuildPhase section */
		5491520E203F335F009C7138 /* Frameworks */ = {
			isa = PBXFrameworksBuildPhase;
			buildActionMask = 2147483647;
			files = (
				B3D140335EB5383EE2A441D4 /* Pods_AC_iOS_Final.framework in Frameworks */,
			);
			runOnlyForDeploymentPostprocessing = 0;
		};
/* End PBXFrameworksBuildPhase section */

/* Begin PBXGroup section */
		54915208203F335F009C7138 = {
			isa = PBXGroup;
			children = (
				7447A5082044A22500E0C585 /* Default-568h@2x.png */,
				54915213203F335F009C7138 /* AC-iOS-Final */,
				54915212203F335F009C7138 /* Products */,
				74F087DC2044700A00758F1E /* GoogleService-Info.plist */,
				54915220203F335F009C7138 /* Info.plist */,
				AE7CF88836135C67319A4D91 /* Pods */,
				5A89A96133601B5810D5A7CD /* Frameworks */,
			);
			sourceTree = "<group>";
		};
		54915212203F335F009C7138 /* Products */ = {
			isa = PBXGroup;
			children = (
				54915211203F335F009C7138 /* AC-iOS-Final.app */,
			);
			name = Products;
			sourceTree = "<group>";
		};
		54915213203F335F009C7138 /* AC-iOS-Final */ = {
			isa = PBXGroup;
			children = (
				747B16AB20445D2800C48B2E /* Services */,
				747B16AA20445D1C00C48B2E /* View Controllers */,
				747B16A920445D1800C48B2E /* Views */,
				747B16A820445CE700C48B2E /* Models */,
				747B16AE20445D5D00C48B2E /* Supporting Files */,
			);
			path = "AC-iOS-Final";
			sourceTree = "<group>";
		};
		5A89A96133601B5810D5A7CD /* Frameworks */ = {
			isa = PBXGroup;
			children = (
				59D491659A3A9768185B0146 /* Pods_AC_iOS_Final.framework */,
			);
			name = Frameworks;
			sourceTree = "<group>";
		};
		747B16A820445CE700C48B2E /* Models */ = {
			isa = PBXGroup;
			children = (
				74447F9020447CCD00E26368 /* AppUser.swift */,
				74447F9220447CD800E26368 /* Post.swift */,
				74447F9420447CE800E26368 /* Comment.swift */,
			);
			path = Models;
			sourceTree = "<group>";
		};
		747B16A920445D1800C48B2E /* Views */ = {
			isa = PBXGroup;
			children = (
				747B16AF20445D9500C48B2E /* LoginView.swift */,
				747B16B7204468BE00C48B2E /* FeedTableViewCell.swift */,
				7447A50C2044A60B00E0C585 /* UploadView.swift */,
			);
			path = Views;
			sourceTree = "<group>";
		};
		747B16AA20445D1C00C48B2E /* View Controllers */ = {
			isa = PBXGroup;
			children = (
				747B16B12044611D00C48B2E /* LoginViewController.swift */,
				74447F9A2044948E00E26368 /* FeedTableViewController.swift */,
				7447A50A2044A5F800E0C585 /* UploadViewController.swift */,
			);
			path = "View Controllers";
			sourceTree = "<group>";
		};
		747B16AB20445D2800C48B2E /* Services */ = {
			isa = PBXGroup;
			children = (
				747B16AD20445D3400C48B2E /* Database */,
				747B16AC20445D2C00C48B2E /* Storage */,
				749392D3204475C100D5322B /* Authentication */,
			);
			path = Services;
			sourceTree = "<group>";
		};
		747B16AC20445D2C00C48B2E /* Storage */ = {
			isa = PBXGroup;
			children = (
				74447F962044835A00E26368 /* StorageService.swift */,
				74447F982044896100E26368 /* StorageService+Images.swift */,
			);
			path = Storage;
			sourceTree = "<group>";
		};
		747B16AD20445D3400C48B2E /* Database */ = {
			isa = PBXGroup;
			children = (
				74A4F9512044745E00341155 /* DBService.swift */,
				749392D4204475EB00D5322B /* DBService+Users.swift */,
				749392D62044760800D5322B /* DBService+Posts.swift */,
				749392D82044761300D5322B /* DCService+Comments.swift */,
			);
			path = Database;
			sourceTree = "<group>";
		};
		747B16AE20445D5D00C48B2E /* Supporting Files */ = {
			isa = PBXGroup;
			children = (
				54915214203F335F009C7138 /* AppDelegate.swift */,
				5491521D203F335F009C7138 /* LaunchScreen.storyboard */,
				54915226203F339A009C7138 /* Assets.xcassets */,
			);
			path = "Supporting Files";
			sourceTree = "<group>";
		};
		749392D3204475C100D5322B /* Authentication */ = {
			isa = PBXGroup;
			children = (
				74A4F94F204473EA00341155 /* FirebaseAuthService.swift */,
			);
			path = Authentication;
			sourceTree = "<group>";
		};
		AE7CF88836135C67319A4D91 /* Pods */ = {
			isa = PBXGroup;
			children = (
				BA734DC06B6F6EDBB9CAB5C9 /* Pods-AC-iOS-Final.debug.xcconfig */,
				DFF634AF938ECAF20063C391 /* Pods-AC-iOS-Final.release.xcconfig */,
			);
			name = Pods;
			sourceTree = "<group>";
		};
/* End PBXGroup section */

/* Begin PBXNativeTarget section */
		54915210203F335F009C7138 /* AC-iOS-Final */ = {
			isa = PBXNativeTarget;
			buildConfigurationList = 54915223203F335F009C7138 /* Build configuration list for PBXNativeTarget "AC-iOS-Final" */;
			buildPhases = (
				1934DF1E05EAD6C575CC19AE /* [CP] Check Pods Manifest.lock */,
				5491520D203F335F009C7138 /* Sources */,
				5491520E203F335F009C7138 /* Frameworks */,
				5491520F203F335F009C7138 /* Resources */,
				AECB2DB68D3EB4E152D27194 /* [CP] Embed Pods Frameworks */,
				5B8C77DBB8F2578A3AE59426 /* [CP] Copy Pods Resources */,
			);
			buildRules = (
			);
			dependencies = (
			);
			name = "AC-iOS-Final";
			productName = "AC-iOS-Final";
			productReference = 54915211203F335F009C7138 /* AC-iOS-Final.app */;
			productType = "com.apple.product-type.application";
		};
/* End PBXNativeTarget section */

/* Begin PBXProject section */
		54915209203F335F009C7138 /* Project object */ = {
			isa = PBXProject;
			attributes = {
				LastSwiftUpdateCheck = 0920;
				LastUpgradeCheck = 0920;
				ORGANIZATIONNAME = "C4Q ";
				TargetAttributes = {
					54915210203F335F009C7138 = {
						CreatedOnToolsVersion = 9.2;
						ProvisioningStyle = Automatic;
					};
				};
			};
			buildConfigurationList = 5491520C203F335F009C7138 /* Build configuration list for PBXProject "AC-iOS-Final" */;
			compatibilityVersion = "Xcode 8.0";
			developmentRegion = en;
			hasScannedForEncodings = 0;
			knownRegions = (
				en,
				Base,
			);
			mainGroup = 54915208203F335F009C7138;
			productRefGroup = 54915212203F335F009C7138 /* Products */;
			projectDirPath = "";
			projectRoot = "";
			targets = (
				54915210203F335F009C7138 /* AC-iOS-Final */,
			);
		};
/* End PBXProject section */

/* Begin PBXResourcesBuildPhase section */
		5491520F203F335F009C7138 /* Resources */ = {
			isa = PBXResourcesBuildPhase;
			buildActionMask = 2147483647;
			files = (
				5491521F203F335F009C7138 /* LaunchScreen.storyboard in Resources */,
				7447A5092044A22500E0C585 /* Default-568h@2x.png in Resources */,
				54915227203F339A009C7138 /* Assets.xcassets in Resources */,
				74F087DD2044700A00758F1E /* GoogleService-Info.plist in Resources */,
			);
			runOnlyForDeploymentPostprocessing = 0;
		};
/* End PBXResourcesBuildPhase section */

/* Begin PBXShellScriptBuildPhase section */
		1934DF1E05EAD6C575CC19AE /* [CP] Check Pods Manifest.lock */ = {
			isa = PBXShellScriptBuildPhase;
			buildActionMask = 2147483647;
			files = (
			);
			inputPaths = (
				"${PODS_PODFILE_DIR_PATH}/Podfile.lock",
				"${PODS_ROOT}/Manifest.lock",
			);
			name = "[CP] Check Pods Manifest.lock";
			outputPaths = (
				"$(DERIVED_FILE_DIR)/Pods-AC-iOS-Final-checkManifestLockResult.txt",
			);
			runOnlyForDeploymentPostprocessing = 0;
			shellPath = /bin/sh;
			shellScript = "diff \"${PODS_PODFILE_DIR_PATH}/Podfile.lock\" \"${PODS_ROOT}/Manifest.lock\" > /dev/null\nif [ $? != 0 ] ; then\n    # print error to STDERR\n    echo \"error: The sandbox is not in sync with the Podfile.lock. Run 'pod install' or update your CocoaPods installation.\" >&2\n    exit 1\nfi\n# This output is used by Xcode 'outputs' to avoid re-running this script phase.\necho \"SUCCESS\" > \"${SCRIPT_OUTPUT_FILE_0}\"\n";
			showEnvVarsInLog = 0;
		};
		5B8C77DBB8F2578A3AE59426 /* [CP] Copy Pods Resources */ = {
			isa = PBXShellScriptBuildPhase;
			buildActionMask = 2147483647;
			files = (
			);
			inputPaths = (
			);
			name = "[CP] Copy Pods Resources";
			outputPaths = (
			);
			runOnlyForDeploymentPostprocessing = 0;
			shellPath = /bin/sh;
			shellScript = "\"${SRCROOT}/Pods/Target Support Files/Pods-AC-iOS-Final/Pods-AC-iOS-Final-resources.sh\"\n";
			showEnvVarsInLog = 0;
		};
		AECB2DB68D3EB4E152D27194 /* [CP] Embed Pods Frameworks */ = {
			isa = PBXShellScriptBuildPhase;
			buildActionMask = 2147483647;
			files = (
			);
			inputPaths = (
				"${SRCROOT}/Pods/Target Support Files/Pods-AC-iOS-Final/Pods-AC-iOS-Final-frameworks.sh",
				"${BUILT_PRODUCTS_DIR}/GTMSessionFetcher/GTMSessionFetcher.framework",
				"${BUILT_PRODUCTS_DIR}/GoogleToolboxForMac/GoogleToolboxForMac.framework",
				"${BUILT_PRODUCTS_DIR}/Kingfisher/Kingfisher.framework",
				"${BUILT_PRODUCTS_DIR}/leveldb-library/leveldb.framework",
				"${BUILT_PRODUCTS_DIR}/nanopb/nanopb.framework",
			);
			name = "[CP] Embed Pods Frameworks";
			outputPaths = (
				"${TARGET_BUILD_DIR}/${FRAMEWORKS_FOLDER_PATH}/GTMSessionFetcher.framework",
				"${TARGET_BUILD_DIR}/${FRAMEWORKS_FOLDER_PATH}/GoogleToolboxForMac.framework",
				"${TARGET_BUILD_DIR}/${FRAMEWORKS_FOLDER_PATH}/Kingfisher.framework",
				"${TARGET_BUILD_DIR}/${FRAMEWORKS_FOLDER_PATH}/leveldb.framework",
				"${TARGET_BUILD_DIR}/${FRAMEWORKS_FOLDER_PATH}/nanopb.framework",
			);
			runOnlyForDeploymentPostprocessing = 0;
			shellPath = /bin/sh;
			shellScript = "\"${SRCROOT}/Pods/Target Support Files/Pods-AC-iOS-Final/Pods-AC-iOS-Final-frameworks.sh\"\n";
			showEnvVarsInLog = 0;
		};
/* End PBXShellScriptBuildPhase section */

/* Begin PBXSourcesBuildPhase section */
		5491520D203F335F009C7138 /* Sources */ = {
			isa = PBXSourcesBuildPhase;
			buildActionMask = 2147483647;
			files = (
				747B16B22044611D00C48B2E /* LoginViewController.swift in Sources */,
				747B16B8204468BE00C48B2E /* FeedTableViewCell.swift in Sources */,
				74447F992044896100E26368 /* StorageService+Images.swift in Sources */,
				74447F9320447CD800E26368 /* Post.swift in Sources */,
				74A4F9522044745E00341155 /* DBService.swift in Sources */,
				749392D92044761300D5322B /* DCService+Comments.swift in Sources */,
				749392D5204475EB00D5322B /* DBService+Users.swift in Sources */,
				74447F9B2044948E00E26368 /* FeedTableViewController.swift in Sources */,
				747B16B020445D9500C48B2E /* LoginView.swift in Sources */,
				7447A50B2044A5F800E0C585 /* UploadViewController.swift in Sources */,
				74447F9520447CE800E26368 /* Comment.swift in Sources */,
				74A4F950204473EA00341155 /* FirebaseAuthService.swift in Sources */,
				749392D72044760800D5322B /* DBService+Posts.swift in Sources */,
				54915215203F335F009C7138 /* AppDelegate.swift in Sources */,
				7447A50D2044A60B00E0C585 /* UploadView.swift in Sources */,
				74447F9120447CCD00E26368 /* AppUser.swift in Sources */,
				74447F972044835A00E26368 /* StorageService.swift in Sources */,
			);
			runOnlyForDeploymentPostprocessing = 0;
		};
/* End PBXSourcesBuildPhase section */

/* Begin PBXVariantGroup section */
		5491521D203F335F009C7138 /* LaunchScreen.storyboard */ = {
			isa = PBXVariantGroup;
			children = (
				5491521E203F335F009C7138 /* Base */,
			);
			name = LaunchScreen.storyboard;
			sourceTree = "<group>";
		};
/* End PBXVariantGroup section */

/* Begin XCBuildConfiguration section */
		54915221203F335F009C7138 /* Debug */ = {
			isa = XCBuildConfiguration;
			buildSettings = {
				ALWAYS_SEARCH_USER_PATHS = NO;
				CLANG_ANALYZER_NONNULL = YES;
				CLANG_ANALYZER_NUMBER_OBJECT_CONVERSION = YES_AGGRESSIVE;
				CLANG_CXX_LANGUAGE_STANDARD = "gnu++14";
				CLANG_CXX_LIBRARY = "libc++";
				CLANG_ENABLE_MODULES = YES;
				CLANG_ENABLE_OBJC_ARC = YES;
				CLANG_WARN_BLOCK_CAPTURE_AUTORELEASING = YES;
				CLANG_WARN_BOOL_CONVERSION = YES;
				CLANG_WARN_COMMA = YES;
				CLANG_WARN_CONSTANT_CONVERSION = YES;
				CLANG_WARN_DIRECT_OBJC_ISA_USAGE = YES_ERROR;
				CLANG_WARN_DOCUMENTATION_COMMENTS = YES;
				CLANG_WARN_EMPTY_BODY = YES;
				CLANG_WARN_ENUM_CONVERSION = YES;
				CLANG_WARN_INFINITE_RECURSION = YES;
				CLANG_WARN_INT_CONVERSION = YES;
				CLANG_WARN_NON_LITERAL_NULL_CONVERSION = YES;
				CLANG_WARN_OBJC_LITERAL_CONVERSION = YES;
				CLANG_WARN_OBJC_ROOT_CLASS = YES_ERROR;
				CLANG_WARN_RANGE_LOOP_ANALYSIS = YES;
				CLANG_WARN_STRICT_PROTOTYPES = YES;
				CLANG_WARN_SUSPICIOUS_MOVE = YES;
				CLANG_WARN_UNGUARDED_AVAILABILITY = YES_AGGRESSIVE;
				CLANG_WARN_UNREACHABLE_CODE = YES;
				CLANG_WARN__DUPLICATE_METHOD_MATCH = YES;
				CODE_SIGN_IDENTITY = "iPhone Developer";
				COPY_PHASE_STRIP = NO;
				DEBUG_INFORMATION_FORMAT = dwarf;
				ENABLE_STRICT_OBJC_MSGSEND = YES;
				ENABLE_TESTABILITY = YES;
				GCC_C_LANGUAGE_STANDARD = gnu11;
				GCC_DYNAMIC_NO_PIC = NO;
				GCC_NO_COMMON_BLOCKS = YES;
				GCC_OPTIMIZATION_LEVEL = 0;
				GCC_PREPROCESSOR_DEFINITIONS = (
					"DEBUG=1",
					"$(inherited)",
				);
				GCC_WARN_64_TO_32_BIT_CONVERSION = YES;
				GCC_WARN_ABOUT_RETURN_TYPE = YES_ERROR;
				GCC_WARN_UNDECLARED_SELECTOR = YES;
				GCC_WARN_UNINITIALIZED_AUTOS = YES_AGGRESSIVE;
				GCC_WARN_UNUSED_FUNCTION = YES;
				GCC_WARN_UNUSED_VARIABLE = YES;
				IPHONEOS_DEPLOYMENT_TARGET = 11.2;
				MTL_ENABLE_DEBUG_INFO = YES;
				ONLY_ACTIVE_ARCH = YES;
				SDKROOT = iphoneos;
				SWIFT_ACTIVE_COMPILATION_CONDITIONS = DEBUG;
				SWIFT_OPTIMIZATION_LEVEL = "-Onone";
			};
			name = Debug;
		};
		54915222203F335F009C7138 /* Release */ = {
			isa = XCBuildConfiguration;
			buildSettings = {
				ALWAYS_SEARCH_USER_PATHS = NO;
				CLANG_ANALYZER_NONNULL = YES;
				CLANG_ANALYZER_NUMBER_OBJECT_CONVERSION = YES_AGGRESSIVE;
				CLANG_CXX_LANGUAGE_STANDARD = "gnu++14";
				CLANG_CXX_LIBRARY = "libc++";
				CLANG_ENABLE_MODULES = YES;
				CLANG_ENABLE_OBJC_ARC = YES;
				CLANG_WARN_BLOCK_CAPTURE_AUTORELEASING = YES;
				CLANG_WARN_BOOL_CONVERSION = YES;
				CLANG_WARN_COMMA = YES;
				CLANG_WARN_CONSTANT_CONVERSION = YES;
				CLANG_WARN_DIRECT_OBJC_ISA_USAGE = YES_ERROR;
				CLANG_WARN_DOCUMENTATION_COMMENTS = YES;
				CLANG_WARN_EMPTY_BODY = YES;
				CLANG_WARN_ENUM_CONVERSION = YES;
				CLANG_WARN_INFINITE_RECURSION = YES;
				CLANG_WARN_INT_CONVERSION = YES;
				CLANG_WARN_NON_LITERAL_NULL_CONVERSION = YES;
				CLANG_WARN_OBJC_LITERAL_CONVERSION = YES;
				CLANG_WARN_OBJC_ROOT_CLASS = YES_ERROR;
				CLANG_WARN_RANGE_LOOP_ANALYSIS = YES;
				CLANG_WARN_STRICT_PROTOTYPES = YES;
				CLANG_WARN_SUSPICIOUS_MOVE = YES;
				CLANG_WARN_UNGUARDED_AVAILABILITY = YES_AGGRESSIVE;
				CLANG_WARN_UNREACHABLE_CODE = YES;
				CLANG_WARN__DUPLICATE_METHOD_MATCH = YES;
				CODE_SIGN_IDENTITY = "iPhone Developer";
				COPY_PHASE_STRIP = NO;
				DEBUG_INFORMATION_FORMAT = "dwarf-with-dsym";
				ENABLE_NS_ASSERTIONS = NO;
				ENABLE_STRICT_OBJC_MSGSEND = YES;
				GCC_C_LANGUAGE_STANDARD = gnu11;
				GCC_NO_COMMON_BLOCKS = YES;
				GCC_WARN_64_TO_32_BIT_CONVERSION = YES;
				GCC_WARN_ABOUT_RETURN_TYPE = YES_ERROR;
				GCC_WARN_UNDECLARED_SELECTOR = YES;
				GCC_WARN_UNINITIALIZED_AUTOS = YES_AGGRESSIVE;
				GCC_WARN_UNUSED_FUNCTION = YES;
				GCC_WARN_UNUSED_VARIABLE = YES;
				IPHONEOS_DEPLOYMENT_TARGET = 11.2;
				MTL_ENABLE_DEBUG_INFO = NO;
				SDKROOT = iphoneos;
				SWIFT_OPTIMIZATION_LEVEL = "-Owholemodule";
				VALIDATE_PRODUCT = YES;
			};
			name = Release;
		};
		54915224203F335F009C7138 /* Debug */ = {
			isa = XCBuildConfiguration;
			baseConfigurationReference = BA734DC06B6F6EDBB9CAB5C9 /* Pods-AC-iOS-Final.debug.xcconfig */;
			buildSettings = {
				ASSETCATALOG_COMPILER_APPICON_NAME = AppIcon;
				CODE_SIGN_STYLE = Automatic;
				DEVELOPMENT_TEAM = 5Z2M27857L;
				INFOPLIST_FILE = "$(SRCROOT)/Info.plist";
				IPHONEOS_DEPLOYMENT_TARGET = 11.1;
				LD_RUNPATH_SEARCH_PATHS = "$(inherited) @executable_path/Frameworks";
				PRODUCT_BUNDLE_IDENTIFIER = "c4q.AC-iOS-Final";
				PRODUCT_NAME = "$(TARGET_NAME)";
				SWIFT_VERSION = 4.0;
				TARGETED_DEVICE_FAMILY = "1,2";
			};
			name = Debug;
		};
		54915225203F335F009C7138 /* Release */ = {
			isa = XCBuildConfiguration;
			baseConfigurationReference = DFF634AF938ECAF20063C391 /* Pods-AC-iOS-Final.release.xcconfig */;
			buildSettings = {
				ASSETCATALOG_COMPILER_APPICON_NAME = AppIcon;
				CODE_SIGN_STYLE = Automatic;
				DEVELOPMENT_TEAM = 5Z2M27857L;
				INFOPLIST_FILE = "$(SRCROOT)/Info.plist";
				IPHONEOS_DEPLOYMENT_TARGET = 11.1;
				LD_RUNPATH_SEARCH_PATHS = "$(inherited) @executable_path/Frameworks";
				PRODUCT_BUNDLE_IDENTIFIER = "c4q.AC-iOS-Final";
				PRODUCT_NAME = "$(TARGET_NAME)";
				SWIFT_VERSION = 4.0;
				TARGETED_DEVICE_FAMILY = "1,2";
			};
			name = Release;
		};
/* End XCBuildConfiguration section */

/* Begin XCConfigurationList section */
		5491520C203F335F009C7138 /* Build configuration list for PBXProject "AC-iOS-Final" */ = {
			isa = XCConfigurationList;
			buildConfigurations = (
				54915221203F335F009C7138 /* Debug */,
				54915222203F335F009C7138 /* Release */,
			);
			defaultConfigurationIsVisible = 0;
			defaultConfigurationName = Release;
		};
		54915223203F335F009C7138 /* Build configuration list for PBXNativeTarget "AC-iOS-Final" */ = {
			isa = XCConfigurationList;
			buildConfigurations = (
				54915224203F335F009C7138 /* Debug */,
				54915225203F335F009C7138 /* Release */,
			);
			defaultConfigurationIsVisible = 0;
			defaultConfigurationName = Release;
		};
/* End XCConfigurationList section */
	};
	rootObject = 54915209203F335F009C7138 /* Project object */;
}
